
Microsoft Visual Studio Solution File, Format Version 12.00
# Visual Studio Version 16
VisualStudioVersion = 16.0.29728.190
MinimumVisualStudioVersion = 10.0.40219.1
Project("{FAE04EC0-301F-11D3-BF4B-00C04F79EFBC}") = "20_lab_6_variant", "20_lab_6_variant\20_lab_6_variant.csproj", "{07D1E974-2D18-4C36-BB43-CD731E400EA6}"
EndProject
Global
	GlobalSection(SolutionConfigurationPlatforms) = preSolution
		Debug|Any CPU = Debug|Any CPU
		Release|Any CPU = Release|Any CPU
	EndGlobalSection
	GlobalSection(ProjectConfigurationPlatforms) = postSolution
		{07D1E974-2D18-4C36-BB43-CD731E400EA6}.Debug|Any CPU.ActiveCfg = Debug|Any CPU
		{07D1E974-2D18-4C36-BB43-CD731E400EA6}.Debug|Any CPU.Build.0 = Debug|Any CPU
		{07D1E974-2D18-4C36-BB43-CD731E400EA6}.Release|Any CPU.ActiveCfg = Release|Any CPU
		{07D1E974-2D18-4C36-BB43-CD731E400EA6}.Release|Any CPU.Build.0 = Release|Any CPU
	EndGlobalSection
	GlobalSection(SolutionProperties) = preSolution
		HideSolutionNode = FALSE
	EndGlobalSection
	GlobalSection(ExtensibilityGlobals) = postSolution
		SolutionGuid = {9B8526F6-AD4D-4996-A7D1-5E2CAF382371}
	EndGlobalSection
EndGlobal
