
Microsoft Visual Studio Solution File, Format Version 12.00
# Visual Studio Version 16
VisualStudioVersion = 16.0.29728.190
MinimumVisualStudioVersion = 10.0.40219.1
Project("{FAE04EC0-301F-11D3-BF4B-00C04F79EFBC}") = "20_lab_1_variant", "20_lab_1_variant\20_lab_1_variant.csproj", "{11016AD1-EB2A-466D-B8FD-2905943BEB8D}"
EndProject
Global
	GlobalSection(SolutionConfigurationPlatforms) = preSolution
		Debug|Any CPU = Debug|Any CPU
		Release|Any CPU = Release|Any CPU
	EndGlobalSection
	GlobalSection(ProjectConfigurationPlatforms) = postSolution
		{11016AD1-EB2A-466D-B8FD-2905943BEB8D}.Debug|Any CPU.ActiveCfg = Debug|Any CPU
		{11016AD1-EB2A-466D-B8FD-2905943BEB8D}.Debug|Any CPU.Build.0 = Debug|Any CPU
		{11016AD1-EB2A-466D-B8FD-2905943BEB8D}.Release|Any CPU.ActiveCfg = Release|Any CPU
		{11016AD1-EB2A-466D-B8FD-2905943BEB8D}.Release|Any CPU.Build.0 = Release|Any CPU
	EndGlobalSection
	GlobalSection(SolutionProperties) = preSolution
		HideSolutionNode = FALSE
	EndGlobalSection
	GlobalSection(ExtensibilityGlobals) = postSolution
		SolutionGuid = {43A840B7-A117-4FF9-B7D2-B5B5CB2815D6}
	EndGlobalSection
EndGlobal
